
Microsoft Visual Studio Solution File, Format Version 12.00
# Visual Studio Version 16
VisualStudioVersion = 16.0.31515.178
MinimumVisualStudioVersion = 10.0.40219.1
Project("{FAE04EC0-301F-11D3-BF4B-00C04F79EFBC}") = "selenium_test", "selenium_test\selenium_test.csproj", "{186D4654-76DC-42E6-8AA4-3F1F0F7E0ACF}"
EndProject
Global
	GlobalSection(SolutionConfigurationPlatforms) = preSolution
		Debug|Any CPU = Debug|Any CPU
		Release|Any CPU = Release|Any CPU
	EndGlobalSection
	GlobalSection(ProjectConfigurationPlatforms) = postSolution
		{186D4654-76DC-42E6-8AA4-3F1F0F7E0ACF}.Debug|Any CPU.ActiveCfg = Debug|Any CPU
		{186D4654-76DC-42E6-8AA4-3F1F0F7E0ACF}.Debug|Any CPU.Build.0 = Debug|Any CPU
		{186D4654-76DC-42E6-8AA4-3F1F0F7E0ACF}.Release|Any CPU.ActiveCfg = Release|Any CPU
		{186D4654-76DC-42E6-8AA4-3F1F0F7E0ACF}.Release|Any CPU.Build.0 = Release|Any CPU
	EndGlobalSection
	GlobalSection(SolutionProperties) = preSolution
		HideSolutionNode = FALSE
	EndGlobalSection
	GlobalSection(ExtensibilityGlobals) = postSolution
		SolutionGuid = {F3D4918C-FE62-4662-ADEF-33B08688110A}
	EndGlobalSection
EndGlobal
